<?xml version="1.0" encoding="utf-8"?>
<Project ToolsVersion="4.0" xmlns="http://schemas.microsoft.com/developer/msbuild/2003">
  <ItemGroup>
    <Filter Include="Source Files">
      <UniqueIdentifier>{4FC737F1-C7A5-4376-A066-2A32D752A2FF}</UniqueIdentifier>
      <Extensions>cpp;c;cc;cxx;c++;cppm;ixx;def;odl;idl;hpj;bat;asm;asmx</Extensions>
    </Filter>
    <Filter Include="Header Files">
      <UniqueIdentifier>{93995380-89BD-4b04-88EB-625FBE52EBFB}</UniqueIdentifier>
      <Extensions>h;hh;hpp;hxx;h++;hm;inl;inc;ipp;xsd</Extensions>
    </Filter>
    <Filter Include="Resource Files">
      <UniqueIdentifier>{67DA6AB6-F800-4c08-8B7A-83BB121AAD01}</UniqueIdentifier>
      <Extensions>rc;ico;cur;bmp;dlg;rc2;rct;bin;rgs;gif;jpg;jpeg;jpe;resx;tiff;tif;png;wav;mfcribbon-ms</Extensions>
    </Filter>
  </ItemGroup>
  <ItemGroup>
    <ClCompile Include="SFML Template.cpp">
      <Filter>Source Files</Filter>
    </ClCompile>
    <ClCompile Include="StateMachine.cpp">
      <Filter>Source Files</Filter>
    </ClCompile>
    <ClCompile Include="AssetManager.cpp">
      <Filter>Source Files</Filter>
    </ClCompile>
    <ClCompile Include="InputManager.cpp">
      <Filter>Source Files</Filter>
    </ClCompile>
    <ClCompile Include="Game.cpp">
      <Filter>Source Files</Filter>
    </ClCompile>
    <ClCompile Include="SplashState.cpp">
      <Filter>Source Files</Filter>
    </ClCompile>
    <ClCompile Include="MainMenuState.cpp">
      <Filter>Source Files</Filter>
    </ClCompile>
    <ClCompile Include="GameState.cpp">
      <Filter>Source Files</Filter>
    </ClCompile>
    <ClCompile Include="GameOverState.cpp">
      <Filter>Source Files</Filter>
    </ClCompile>
    <ClCompile Include="Pipe.cpp">
      <Filter>Source Files</Filter>
    </ClCompile>
    <ClCompile Include="Land.cpp">
      <Filter>Source Files</Filter>
    </ClCompile>
  </ItemGroup>
  <ItemGroup>
    <ClInclude Include="InputManager.h">
      <Filter>Header Files</Filter>
    </ClInclude>
    <ClInclude Include="AssetManager.hpp">
      <Filter>Header Files</Filter>
    </ClInclude>
    <ClInclude Include="StateMachine.hpp">
      <Filter>Header Files</Filter>
    </ClInclude>
    <ClInclude Include="State.hpp">
      <Filter>Header Files</Filter>
    </ClInclude>
    <ClInclude Include="Game.h">
      <Filter>Header Files</Filter>
    </ClInclude>
    <ClInclude Include="DEFINITIONS.h">
      <Filter>Header Files</Filter>
    </ClInclude>
    <ClInclude Include="SplashState.h">
      <Filter>Header Files</Filter>
    </ClInclude>
    <ClInclude Include="MainMenuState.h">
      <Filter>Header Files</Filter>
    </ClInclude>
    <ClInclude Include="GameState.h">
      <Filter>Header Files</Filter>
    </ClInclude>
    <ClInclude Include="GameOverState.h">
      <Filter>Header Files</Filter>
    </ClInclude>
    <ClInclude Include="Pipe.h">
      <Filter>Header Files</Filter>
    </ClInclude>
    <ClInclude Include="Land.h">
      <Filter>Header Files</Filter>
    </ClInclude>
  </ItemGroup>
  <ItemGroup>
    <Image Include="Resources\res\bird-01.png">
      <Filter>Resource Files</Filter>
    </Image>
    <Image Include="Resources\res\bird-02.png">
      <Filter>Resource Files</Filter>
    </Image>
    <Image Include="Resources\res\bird-03.png">
      <Filter>Resource Files</Filter>
    </Image>
    <Image Include="Resources\res\bird-04.png">
      <Filter>Resource Files</Filter>
    </Image>
    <Image Include="Resources\res\Bronze-Medal.png">
      <Filter>Resource Files</Filter>
    </Image>
    <Image Include="Resources\res\Game-Over-Body.png">
      <Filter>Resource Files</Filter>
    </Image>
    <Image Include="Resources\res\Game-Over-Title.png">
      <Filter>Resource Files</Filter>
    </Image>
    <Image Include="Resources\res\Gold-Medal.png">
      <Filter>Resource Files</Filter>
    </Image>
    <Image Include="Resources\res\InvisibleScoringPipe.png">
      <Filter>Resource Files</Filter>
    </Image>
    <Image Include="Resources\res\land.png">
      <Filter>Resource Files</Filter>
    </Image>
    <Image Include="Resources\res\PipeDown.png">
      <Filter>Resource Files</Filter>
    </Image>
    <Image Include="Resources\res\PipeUp.png">
      <Filter>Resource Files</Filter>
    </Image>
    <Image Include="Resources\res\Platinum-Medal.png">
      <Filter>Resource Files</Filter>
    </Image>
    <Image Include="Resources\res\PlayButton.png">
      <Filter>Resource Files</Filter>
    </Image>
    <Image Include="Resources\res\Silver-Medal.png">
      <Filter>Resource Files</Filter>
    </Image>
    <Image Include="Resources\res\sky.png">
      <Filter>Resource Files</Filter>
    </Image>
    <Image Include="Resources\res\Splash-Background.png">
      <Filter>Resource Files</Filter>
    </Image>
    <Image Include="Resources\res\title.png">
      <Filter>Resource Files</Filter>
    </Image>
  </ItemGroup>
</Project>